
Microsoft Visual Studio Solution File, Format Version 12.00
# Visual Studio Version 17
VisualStudioVersion = 17.11.35327.3
MinimumVisualStudioVersion = 10.0.40219.1
Project("{FAE04EC0-301F-11D3-BF4B-00C04F79EFBC}") = "Exercicio1071", "Exercicio1071\Exercicio1071.csproj", "{DB05FCE0-11F9-4373-A168-AFFCB6C94611}"
EndProject
Project("{FAE04EC0-301F-11D3-BF4B-00C04F79EFBC}") = "Exercicio1067", "Exercicio1067\Exercicio1067.csproj", "{CBD0974F-0EAC-4A80-893A-33B5E18088E1}"
EndProject
Project("{FAE04EC0-301F-11D3-BF4B-00C04F79EFBC}") = "Exercicio1072", "Exercicio1072\Exercicio1072.csproj", "{DABC30B7-92AA-48AF-965F-37238E7938E8}"
EndProject
Project("{FAE04EC0-301F-11D3-BF4B-00C04F79EFBC}") = "Exercicio1073", "Exercicio1073\Exercicio1073.csproj", "{8E0ACE94-8E40-45E0-8538-3A846CF5BC50}"
EndProject
Project("{FAE04EC0-301F-11D3-BF4B-00C04F79EFBC}") = "Exercicio1074", "Exercicio1074\Exercicio1074.csproj", "{A627E306-660A-4418-BDED-1EE454A58534}"
EndProject
Project("{FAE04EC0-301F-11D3-BF4B-00C04F79EFBC}") = "Exercicio1075", "Exercicio1075\Exercicio1075.csproj", "{2658BEA0-3AC6-45EE-B63E-B8F72CEFF778}"
EndProject
Project("{FAE04EC0-301F-11D3-BF4B-00C04F79EFBC}") = "Exercicio1079", "Exercicio1079\Exercicio1079.csproj", "{B4DA4061-CDC1-41DE-BF9F-FFFADD70AE30}"
EndProject
Project("{FAE04EC0-301F-11D3-BF4B-00C04F79EFBC}") = "Exercicio1080", "Exercicio1080\Exercicio1080.csproj", "{434E8247-9127-4967-9787-0ED9CBF9086E}"
EndProject
Project("{FAE04EC0-301F-11D3-BF4B-00C04F79EFBC}") = "Exercicio1094", "Exercicio1094\Exercicio1094.csproj", "{B7FDF75E-79BD-4241-A67D-2993586EB3B5}"
EndProject
Project("{FAE04EC0-301F-11D3-BF4B-00C04F79EFBC}") = "Exercicio1096", "Exercicio1096\Exercicio1096.csproj", "{F536BAB9-860E-413F-A575-405CF35A9000}"
EndProject
Project("{FAE04EC0-301F-11D3-BF4B-00C04F79EFBC}") = "Exercicio1097", "Exercicio1097\Exercicio1097.csproj", "{2C2B00C8-85CE-4192-BAA2-77BDFEA2D9CE}"
EndProject
Project("{FAE04EC0-301F-11D3-BF4B-00C04F79EFBC}") = "Exercicio1116", "ConsoleApp1\Exercicio1116.csproj", "{7528D6FC-7B65-4948-8158-0C1CBEAE9DED}"
EndProject
Project("{FAE04EC0-301F-11D3-BF4B-00C04F79EFBC}") = "Exercicio1132", "Exercicio1132\Exercicio1132.csproj", "{67566437-6743-4FF0-9ADB-15C5361BD2D1}"
EndProject
Project("{FAE04EC0-301F-11D3-BF4B-00C04F79EFBC}") = "Exercicio1133", "Exercicio1133\Exercicio1133.csproj", "{D8B0A22A-C140-4E77-A479-9A9BB530BCB2}"
EndProject
Project("{FAE04EC0-301F-11D3-BF4B-00C04F79EFBC}") = "Exercicio1142", "Exercicio1142\Exercicio1142.csproj", "{1A5CC87E-A41A-42FB-AA60-4F945605C168}"
EndProject
Project("{FAE04EC0-301F-11D3-BF4B-00C04F79EFBC}") = "Exercicio1143", "Exercicio1143\Exercicio1143.csproj", "{31EDCD55-DB6F-41E1-89CC-F452EADF63B0}"
EndProject
Project("{FAE04EC0-301F-11D3-BF4B-00C04F79EFBC}") = "Exercicio1144", "Exercicio1144\Exercicio1144.csproj", "{660B7DB9-D638-414F-8845-3960BF342DD3}"
EndProject
Project("{FAE04EC0-301F-11D3-BF4B-00C04F79EFBC}") = "Exercicio1151", "Exercicio1151\Exercicio1151.csproj", "{BF548502-4155-4D27-8455-4AFDB05CEE7F}"
EndProject
Project("{FAE04EC0-301F-11D3-BF4B-00C04F79EFBC}") = "Exercicio1153", "Exercicio1153\Exercicio1153.csproj", "{04591101-0975-4D45-B6CE-55A63A5C65DC}"
EndProject
Project("{FAE04EC0-301F-11D3-BF4B-00C04F79EFBC}") = "Exercicio1155", "Exercicio114\Exercicio1155.csproj", "{2662FCE1-23C9-476E-B9DA-267D7668C42C}"
EndProject
Project("{FAE04EC0-301F-11D3-BF4B-00C04F79EFBC}") = "Exercicio1156", "Exercicio1156\Exercicio1156.csproj", "{EE0CB297-3874-4CF9-B579-190587E94551}"
EndProject
Project("{FAE04EC0-301F-11D3-BF4B-00C04F79EFBC}") = "Exercicio1157", "Exercicio1157\Exercicio1157.csproj", "{0BE491F3-F29F-4A99-904B-9E51ED62307B}"
EndProject
Project("{FAE04EC0-301F-11D3-BF4B-00C04F79EFBC}") = "Desafio1099", "Desafio1099\Desafio1099.csproj", "{B7D74D22-7FAD-4757-AC31-4CD30053F195}"
EndProject
Project("{FAE04EC0-301F-11D3-BF4B-00C04F79EFBC}") = "Desafio1101", "Desafio1101\Desafio1101.csproj", "{29C12C32-EAEE-4DB2-A599-3CDD21466A46}"
EndProject
Global
	GlobalSection(SolutionConfigurationPlatforms) = preSolution
		Debug|Any CPU = Debug|Any CPU
		Release|Any CPU = Release|Any CPU
	EndGlobalSection
	GlobalSection(ProjectConfigurationPlatforms) = postSolution
		{DB05FCE0-11F9-4373-A168-AFFCB6C94611}.Debug|Any CPU.ActiveCfg = Debug|Any CPU
		{DB05FCE0-11F9-4373-A168-AFFCB6C94611}.Debug|Any CPU.Build.0 = Debug|Any CPU
		{DB05FCE0-11F9-4373-A168-AFFCB6C94611}.Release|Any CPU.ActiveCfg = Release|Any CPU
		{DB05FCE0-11F9-4373-A168-AFFCB6C94611}.Release|Any CPU.Build.0 = Release|Any CPU
		{CBD0974F-0EAC-4A80-893A-33B5E18088E1}.Debug|Any CPU.ActiveCfg = Debug|Any CPU
		{CBD0974F-0EAC-4A80-893A-33B5E18088E1}.Debug|Any CPU.Build.0 = Debug|Any CPU
		{CBD0974F-0EAC-4A80-893A-33B5E18088E1}.Release|Any CPU.ActiveCfg = Release|Any CPU
		{CBD0974F-0EAC-4A80-893A-33B5E18088E1}.Release|Any CPU.Build.0 = Release|Any CPU
		{DABC30B7-92AA-48AF-965F-37238E7938E8}.Debug|Any CPU.ActiveCfg = Debug|Any CPU
		{DABC30B7-92AA-48AF-965F-37238E7938E8}.Debug|Any CPU.Build.0 = Debug|Any CPU
		{DABC30B7-92AA-48AF-965F-37238E7938E8}.Release|Any CPU.ActiveCfg = Release|Any CPU
		{DABC30B7-92AA-48AF-965F-37238E7938E8}.Release|Any CPU.Build.0 = Release|Any CPU
		{8E0ACE94-8E40-45E0-8538-3A846CF5BC50}.Debug|Any CPU.ActiveCfg = Debug|Any CPU
		{8E0ACE94-8E40-45E0-8538-3A846CF5BC50}.Debug|Any CPU.Build.0 = Debug|Any CPU
		{8E0ACE94-8E40-45E0-8538-3A846CF5BC50}.Release|Any CPU.ActiveCfg = Release|Any CPU
		{8E0ACE94-8E40-45E0-8538-3A846CF5BC50}.Release|Any CPU.Build.0 = Release|Any CPU
		{A627E306-660A-4418-BDED-1EE454A58534}.Debug|Any CPU.ActiveCfg = Debug|Any CPU
		{A627E306-660A-4418-BDED-1EE454A58534}.Debug|Any CPU.Build.0 = Debug|Any CPU
		{A627E306-660A-4418-BDED-1EE454A58534}.Release|Any CPU.ActiveCfg = Release|Any CPU
		{A627E306-660A-4418-BDED-1EE454A58534}.Release|Any CPU.Build.0 = Release|Any CPU
		{2658BEA0-3AC6-45EE-B63E-B8F72CEFF778}.Debug|Any CPU.ActiveCfg = Debug|Any CPU
		{2658BEA0-3AC6-45EE-B63E-B8F72CEFF778}.Debug|Any CPU.Build.0 = Debug|Any CPU
		{2658BEA0-3AC6-45EE-B63E-B8F72CEFF778}.Release|Any CPU.ActiveCfg = Release|Any CPU
		{2658BEA0-3AC6-45EE-B63E-B8F72CEFF778}.Release|Any CPU.Build.0 = Release|Any CPU
		{B4DA4061-CDC1-41DE-BF9F-FFFADD70AE30}.Debug|Any CPU.ActiveCfg = Debug|Any CPU
		{B4DA4061-CDC1-41DE-BF9F-FFFADD70AE30}.Debug|Any CPU.Build.0 = Debug|Any CPU
		{B4DA4061-CDC1-41DE-BF9F-FFFADD70AE30}.Release|Any CPU.ActiveCfg = Release|Any CPU
		{B4DA4061-CDC1-41DE-BF9F-FFFADD70AE30}.Release|Any CPU.Build.0 = Release|Any CPU
		{434E8247-9127-4967-9787-0ED9CBF9086E}.Debug|Any CPU.ActiveCfg = Debug|Any CPU
		{434E8247-9127-4967-9787-0ED9CBF9086E}.Debug|Any CPU.Build.0 = Debug|Any CPU
		{434E8247-9127-4967-9787-0ED9CBF9086E}.Release|Any CPU.ActiveCfg = Release|Any CPU
		{434E8247-9127-4967-9787-0ED9CBF9086E}.Release|Any CPU.Build.0 = Release|Any CPU
		{B7FDF75E-79BD-4241-A67D-2993586EB3B5}.Debug|Any CPU.ActiveCfg = Debug|Any CPU
		{B7FDF75E-79BD-4241-A67D-2993586EB3B5}.Debug|Any CPU.Build.0 = Debug|Any CPU
		{B7FDF75E-79BD-4241-A67D-2993586EB3B5}.Release|Any CPU.ActiveCfg = Release|Any CPU
		{B7FDF75E-79BD-4241-A67D-2993586EB3B5}.Release|Any CPU.Build.0 = Release|Any CPU
		{F536BAB9-860E-413F-A575-405CF35A9000}.Debug|Any CPU.ActiveCfg = Debug|Any CPU
		{F536BAB9-860E-413F-A575-405CF35A9000}.Debug|Any CPU.Build.0 = Debug|Any CPU
		{F536BAB9-860E-413F-A575-405CF35A9000}.Release|Any CPU.ActiveCfg = Release|Any CPU
		{F536BAB9-860E-413F-A575-405CF35A9000}.Release|Any CPU.Build.0 = Release|Any CPU
		{2C2B00C8-85CE-4192-BAA2-77BDFEA2D9CE}.Debug|Any CPU.ActiveCfg = Debug|Any CPU
		{2C2B00C8-85CE-4192-BAA2-77BDFEA2D9CE}.Debug|Any CPU.Build.0 = Debug|Any CPU
		{2C2B00C8-85CE-4192-BAA2-77BDFEA2D9CE}.Release|Any CPU.ActiveCfg = Release|Any CPU
		{2C2B00C8-85CE-4192-BAA2-77BDFEA2D9CE}.Release|Any CPU.Build.0 = Release|Any CPU
		{7528D6FC-7B65-4948-8158-0C1CBEAE9DED}.Debug|Any CPU.ActiveCfg = Debug|Any CPU
		{7528D6FC-7B65-4948-8158-0C1CBEAE9DED}.Debug|Any CPU.Build.0 = Debug|Any CPU
		{7528D6FC-7B65-4948-8158-0C1CBEAE9DED}.Release|Any CPU.ActiveCfg = Release|Any CPU
		{7528D6FC-7B65-4948-8158-0C1CBEAE9DED}.Release|Any CPU.Build.0 = Release|Any CPU
		{67566437-6743-4FF0-9ADB-15C5361BD2D1}.Debug|Any CPU.ActiveCfg = Debug|Any CPU
		{67566437-6743-4FF0-9ADB-15C5361BD2D1}.Debug|Any CPU.Build.0 = Debug|Any CPU
		{67566437-6743-4FF0-9ADB-15C5361BD2D1}.Release|Any CPU.ActiveCfg = Release|Any CPU
		{67566437-6743-4FF0-9ADB-15C5361BD2D1}.Release|Any CPU.Build.0 = Release|Any CPU
		{D8B0A22A-C140-4E77-A479-9A9BB530BCB2}.Debug|Any CPU.ActiveCfg = Debug|Any CPU
		{D8B0A22A-C140-4E77-A479-9A9BB530BCB2}.Debug|Any CPU.Build.0 = Debug|Any CPU
		{D8B0A22A-C140-4E77-A479-9A9BB530BCB2}.Release|Any CPU.ActiveCfg = Release|Any CPU
		{D8B0A22A-C140-4E77-A479-9A9BB530BCB2}.Release|Any CPU.Build.0 = Release|Any CPU
		{1A5CC87E-A41A-42FB-AA60-4F945605C168}.Debug|Any CPU.ActiveCfg = Debug|Any CPU
		{1A5CC87E-A41A-42FB-AA60-4F945605C168}.Debug|Any CPU.Build.0 = Debug|Any CPU
		{1A5CC87E-A41A-42FB-AA60-4F945605C168}.Release|Any CPU.ActiveCfg = Release|Any CPU
		{1A5CC87E-A41A-42FB-AA60-4F945605C168}.Release|Any CPU.Build.0 = Release|Any CPU
		{31EDCD55-DB6F-41E1-89CC-F452EADF63B0}.Debug|Any CPU.ActiveCfg = Debug|Any CPU
		{31EDCD55-DB6F-41E1-89CC-F452EADF63B0}.Debug|Any CPU.Build.0 = Debug|Any CPU
		{31EDCD55-DB6F-41E1-89CC-F452EADF63B0}.Release|Any CPU.ActiveCfg = Release|Any CPU
		{31EDCD55-DB6F-41E1-89CC-F452EADF63B0}.Release|Any CPU.Build.0 = Release|Any CPU
		{660B7DB9-D638-414F-8845-3960BF342DD3}.Debug|Any CPU.ActiveCfg = Debug|Any CPU
		{660B7DB9-D638-414F-8845-3960BF342DD3}.Debug|Any CPU.Build.0 = Debug|Any CPU
		{660B7DB9-D638-414F-8845-3960BF342DD3}.Release|Any CPU.ActiveCfg = Release|Any CPU
		{660B7DB9-D638-414F-8845-3960BF342DD3}.Release|Any CPU.Build.0 = Release|Any CPU
		{BF548502-4155-4D27-8455-4AFDB05CEE7F}.Debug|Any CPU.ActiveCfg = Debug|Any CPU
		{BF548502-4155-4D27-8455-4AFDB05CEE7F}.Debug|Any CPU.Build.0 = Debug|Any CPU
		{BF548502-4155-4D27-8455-4AFDB05CEE7F}.Release|Any CPU.ActiveCfg = Release|Any CPU
		{BF548502-4155-4D27-8455-4AFDB05CEE7F}.Release|Any CPU.Build.0 = Release|Any CPU
		{04591101-0975-4D45-B6CE-55A63A5C65DC}.Debug|Any CPU.ActiveCfg = Debug|Any CPU
		{04591101-0975-4D45-B6CE-55A63A5C65DC}.Debug|Any CPU.Build.0 = Debug|Any CPU
		{04591101-0975-4D45-B6CE-55A63A5C65DC}.Release|Any CPU.ActiveCfg = Release|Any CPU
		{04591101-0975-4D45-B6CE-55A63A5C65DC}.Release|Any CPU.Build.0 = Release|Any CPU
		{2662FCE1-23C9-476E-B9DA-267D7668C42C}.Debug|Any CPU.ActiveCfg = Debug|Any CPU
		{2662FCE1-23C9-476E-B9DA-267D7668C42C}.Debug|Any CPU.Build.0 = Debug|Any CPU
		{2662FCE1-23C9-476E-B9DA-267D7668C42C}.Release|Any CPU.ActiveCfg = Release|Any CPU
		{2662FCE1-23C9-476E-B9DA-267D7668C42C}.Release|Any CPU.Build.0 = Release|Any CPU
		{EE0CB297-3874-4CF9-B579-190587E94551}.Debug|Any CPU.ActiveCfg = Debug|Any CPU
		{EE0CB297-3874-4CF9-B579-190587E94551}.Debug|Any CPU.Build.0 = Debug|Any CPU
		{EE0CB297-3874-4CF9-B579-190587E94551}.Release|Any CPU.ActiveCfg = Release|Any CPU
		{EE0CB297-3874-4CF9-B579-190587E94551}.Release|Any CPU.Build.0 = Release|Any CPU
		{0BE491F3-F29F-4A99-904B-9E51ED62307B}.Debug|Any CPU.ActiveCfg = Debug|Any CPU
		{0BE491F3-F29F-4A99-904B-9E51ED62307B}.Debug|Any CPU.Build.0 = Debug|Any CPU
		{0BE491F3-F29F-4A99-904B-9E51ED62307B}.Release|Any CPU.ActiveCfg = Release|Any CPU
		{0BE491F3-F29F-4A99-904B-9E51ED62307B}.Release|Any CPU.Build.0 = Release|Any CPU
		{B7D74D22-7FAD-4757-AC31-4CD30053F195}.Debug|Any CPU.ActiveCfg = Debug|Any CPU
		{B7D74D22-7FAD-4757-AC31-4CD30053F195}.Debug|Any CPU.Build.0 = Debug|Any CPU
		{B7D74D22-7FAD-4757-AC31-4CD30053F195}.Release|Any CPU.ActiveCfg = Release|Any CPU
		{B7D74D22-7FAD-4757-AC31-4CD30053F195}.Release|Any CPU.Build.0 = Release|Any CPU
		{29C12C32-EAEE-4DB2-A599-3CDD21466A46}.Debug|Any CPU.ActiveCfg = Debug|Any CPU
		{29C12C32-EAEE-4DB2-A599-3CDD21466A46}.Debug|Any CPU.Build.0 = Debug|Any CPU
		{29C12C32-EAEE-4DB2-A599-3CDD21466A46}.Release|Any CPU.ActiveCfg = Release|Any CPU
		{29C12C32-EAEE-4DB2-A599-3CDD21466A46}.Release|Any CPU.Build.0 = Release|Any CPU
	EndGlobalSection
	GlobalSection(SolutionProperties) = preSolution
		HideSolutionNode = FALSE
	EndGlobalSection
	GlobalSection(ExtensibilityGlobals) = postSolution
		SolutionGuid = {9888D456-B471-4302-AD74-EDE4A508AF93}
	EndGlobalSection
EndGlobal
